
Microsoft Visual Studio Solution File, Format Version 12.00
# Visual Studio 2013
VisualStudioVersion = 12.0.21005.1
MinimumVisualStudioVersion = 10.0.40219.1
Project("{FAE04EC0-301F-11D3-BF4B-00C04F79EFBC}") = "Microsoft.AspNet.FileSystems.k10", "src\Microsoft.AspNet.FileSystems\Microsoft.AspNet.FileSystems.k10.csproj", "{C8D49B10-228A-4923-9717-8A5C095BBFED}"
EndProject
Project("{FAE04EC0-301F-11D3-BF4B-00C04F79EFBC}") = "Microsoft.AspNet.FileSystems.net45", "src\Microsoft.AspNet.FileSystems\Microsoft.AspNet.FileSystems.net45.csproj", "{BC98CF05-B21C-4350-901D-A3005D757915}"
EndProject
Global
	GlobalSection(SolutionConfigurationPlatforms) = preSolution
		Debug|Any CPU = Debug|Any CPU
		Release|Any CPU = Release|Any CPU
	EndGlobalSection
	GlobalSection(ProjectConfigurationPlatforms) = postSolution
		{C8D49B10-228A-4923-9717-8A5C095BBFED}.Debug|Any CPU.ActiveCfg = Debug|Any CPU
		{C8D49B10-228A-4923-9717-8A5C095BBFED}.Debug|Any CPU.Build.0 = Debug|Any CPU
		{C8D49B10-228A-4923-9717-8A5C095BBFED}.Release|Any CPU.ActiveCfg = Release|Any CPU
		{C8D49B10-228A-4923-9717-8A5C095BBFED}.Release|Any CPU.Build.0 = Release|Any CPU
		{BC98CF05-B21C-4350-901D-A3005D757915}.Debug|Any CPU.ActiveCfg = Debug|Any CPU
		{BC98CF05-B21C-4350-901D-A3005D757915}.Debug|Any CPU.Build.0 = Debug|Any CPU
		{BC98CF05-B21C-4350-901D-A3005D757915}.Release|Any CPU.ActiveCfg = Release|Any CPU
		{BC98CF05-B21C-4350-901D-A3005D757915}.Release|Any CPU.Build.0 = Release|Any CPU
	EndGlobalSection
	GlobalSection(SolutionProperties) = preSolution
		HideSolutionNode = FALSE
	EndGlobalSection
EndGlobal
